
Microsoft Visual Studio Solution File, Format Version 12.00
# Visual Studio Version 16
VisualStudioVersion = 16.0.30523.141
MinimumVisualStudioVersion = 10.0.40219.1
Project("{9A19103F-16F7-4668-BE54-9A1E7A4F7556}") = "AloysAdjustments", "src\AloysAdjustments\AloysAdjustments.csproj", "{A9614CFC-4EA2-4D5C-BF75-8EEE3952D419}"
EndProject
Project("{9A19103F-16F7-4668-BE54-9A1E7A4F7556}") = "HZDCoreEditor", "src\HZDCoreEditor\HZDCoreEditor\HZDCoreEditor.csproj", "{F91D468F-AD55-4EDD-BA66-594B8767AC71}"
EndProject
Project("{9A19103F-16F7-4668-BE54-9A1E7A4F7556}") = "CheckBoxComboBox", "src\CheckBoxComboBox\CheckBoxComboBox.csproj", "{DC8E04E1-4457-493A-9148-4573FD4F268F}"
EndProject
Global
	GlobalSection(SolutionConfigurationPlatforms) = preSolution
		Debug|Any CPU = Debug|Any CPU
		Release|Any CPU = Release|Any CPU
	EndGlobalSection
	GlobalSection(ProjectConfigurationPlatforms) = postSolution
		{A9614CFC-4EA2-4D5C-BF75-8EEE3952D419}.Debug|Any CPU.ActiveCfg = Debug|Any CPU
		{A9614CFC-4EA2-4D5C-BF75-8EEE3952D419}.Debug|Any CPU.Build.0 = Debug|Any CPU
		{A9614CFC-4EA2-4D5C-BF75-8EEE3952D419}.Release|Any CPU.ActiveCfg = Release|Any CPU
		{A9614CFC-4EA2-4D5C-BF75-8EEE3952D419}.Release|Any CPU.Build.0 = Release|Any CPU
		{F91D468F-AD55-4EDD-BA66-594B8767AC71}.Debug|Any CPU.ActiveCfg = Debug|Any CPU
		{F91D468F-AD55-4EDD-BA66-594B8767AC71}.Debug|Any CPU.Build.0 = Debug|Any CPU
		{F91D468F-AD55-4EDD-BA66-594B8767AC71}.Release|Any CPU.ActiveCfg = Release|Any CPU
		{F91D468F-AD55-4EDD-BA66-594B8767AC71}.Release|Any CPU.Build.0 = Release|Any CPU
		{DC8E04E1-4457-493A-9148-4573FD4F268F}.Debug|Any CPU.ActiveCfg = Debug|Any CPU
		{DC8E04E1-4457-493A-9148-4573FD4F268F}.Debug|Any CPU.Build.0 = Debug|Any CPU
		{DC8E04E1-4457-493A-9148-4573FD4F268F}.Release|Any CPU.ActiveCfg = Release|Any CPU
		{DC8E04E1-4457-493A-9148-4573FD4F268F}.Release|Any CPU.Build.0 = Release|Any CPU
	EndGlobalSection
	GlobalSection(SolutionProperties) = preSolution
		HideSolutionNode = FALSE
	EndGlobalSection
	GlobalSection(ExtensibilityGlobals) = postSolution
		SolutionGuid = {34743786-FAA9-44BB-8B10-964C6DB60BE8}
	EndGlobalSection
EndGlobal
