
Microsoft Visual Studio Solution File, Format Version 12.00
# Visual Studio Version 16
VisualStudioVersion = 16.0.30523.141
MinimumVisualStudioVersion = 10.0.40219.1
Project("{9A19103F-16F7-4668-BE54-9A1E7A4F7556}") = "HZDCoreEditor", "src\HZDCoreEditor\HZDCoreEditor\HZDCoreEditor.csproj", "{F91D468F-AD55-4EDD-BA66-594B8767AC71}"
EndProject
Project("{9A19103F-16F7-4668-BE54-9A1E7A4F7556}") = "CheckBoxComboBox", "src\CheckBoxComboBox\CheckBoxComboBox.csproj", "{DC8E04E1-4457-493A-9148-4573FD4F268F}"
EndProject
Project("{2150E333-8FDC-42A3-9474-1A3956D46DE8}") = "Support", "Support", "{58394CEF-ABE2-44A6-B258-D9211ED4DBA1}"
EndProject
Project("{2150E333-8FDC-42A3-9474-1A3956D46DE8}") = "Plugins", "Plugins", "{EDF6161E-575C-43D0-8C94-C656455550FE}"
EndProject
Project("{9A19103F-16F7-4668-BE54-9A1E7A4F7556}") = "AloysAdjustments.Plugins.Upgrades", "src\Plugins\AloysAdjustments.Plugins.Upgrades\AloysAdjustments.Plugins.Upgrades.csproj", "{9EBCDC5D-B7FE-4A86-9DC7-9960708C2A72}"
EndProject
Project("{9A19103F-16F7-4668-BE54-9A1E7A4F7556}") = "AloysAdjustments.Plugins.Outfits", "src\Plugins\AloysAdjustments.Plugins.Outfits\AloysAdjustments.Plugins.Outfits.csproj", "{3D738951-A441-43CB-ADC9-6B3BACA1E763}"
EndProject
Project("{9A19103F-16F7-4668-BE54-9A1E7A4F7556}") = "AloysAdjustments.Plugins.Misc", "src\Plugins\AloysAdjustments.Plugins.Misc\AloysAdjustments.Plugins.Misc.csproj", "{5E7D356F-8970-4CCA-98B7-DDAFB21F1DEA}"
EndProject
Project("{9A19103F-16F7-4668-BE54-9A1E7A4F7556}") = "AloysAdjustments", "src\AloysAdjustments.UI\AloysAdjustments.csproj", "{4FDB6698-4EB0-4340-9567-7578054B912B}"
EndProject
Global
	GlobalSection(SolutionConfigurationPlatforms) = preSolution
		Debug|Any CPU = Debug|Any CPU
		Release|Any CPU = Release|Any CPU
	EndGlobalSection
	GlobalSection(ProjectConfigurationPlatforms) = postSolution
		{F91D468F-AD55-4EDD-BA66-594B8767AC71}.Debug|Any CPU.ActiveCfg = Debug|Any CPU
		{F91D468F-AD55-4EDD-BA66-594B8767AC71}.Debug|Any CPU.Build.0 = Debug|Any CPU
		{F91D468F-AD55-4EDD-BA66-594B8767AC71}.Release|Any CPU.ActiveCfg = Release|Any CPU
		{F91D468F-AD55-4EDD-BA66-594B8767AC71}.Release|Any CPU.Build.0 = Release|Any CPU
		{DC8E04E1-4457-493A-9148-4573FD4F268F}.Debug|Any CPU.ActiveCfg = Debug|Any CPU
		{DC8E04E1-4457-493A-9148-4573FD4F268F}.Debug|Any CPU.Build.0 = Debug|Any CPU
		{DC8E04E1-4457-493A-9148-4573FD4F268F}.Release|Any CPU.ActiveCfg = Release|Any CPU
		{DC8E04E1-4457-493A-9148-4573FD4F268F}.Release|Any CPU.Build.0 = Release|Any CPU
		{9EBCDC5D-B7FE-4A86-9DC7-9960708C2A72}.Debug|Any CPU.ActiveCfg = Debug|Any CPU
		{9EBCDC5D-B7FE-4A86-9DC7-9960708C2A72}.Debug|Any CPU.Build.0 = Debug|Any CPU
		{9EBCDC5D-B7FE-4A86-9DC7-9960708C2A72}.Release|Any CPU.ActiveCfg = Release|Any CPU
		{9EBCDC5D-B7FE-4A86-9DC7-9960708C2A72}.Release|Any CPU.Build.0 = Release|Any CPU
		{3D738951-A441-43CB-ADC9-6B3BACA1E763}.Debug|Any CPU.ActiveCfg = Debug|Any CPU
		{3D738951-A441-43CB-ADC9-6B3BACA1E763}.Debug|Any CPU.Build.0 = Debug|Any CPU
		{3D738951-A441-43CB-ADC9-6B3BACA1E763}.Release|Any CPU.ActiveCfg = Release|Any CPU
		{3D738951-A441-43CB-ADC9-6B3BACA1E763}.Release|Any CPU.Build.0 = Release|Any CPU
		{5E7D356F-8970-4CCA-98B7-DDAFB21F1DEA}.Debug|Any CPU.ActiveCfg = Debug|Any CPU
		{5E7D356F-8970-4CCA-98B7-DDAFB21F1DEA}.Debug|Any CPU.Build.0 = Debug|Any CPU
		{5E7D356F-8970-4CCA-98B7-DDAFB21F1DEA}.Release|Any CPU.ActiveCfg = Release|Any CPU
		{5E7D356F-8970-4CCA-98B7-DDAFB21F1DEA}.Release|Any CPU.Build.0 = Release|Any CPU
		{4FDB6698-4EB0-4340-9567-7578054B912B}.Debug|Any CPU.ActiveCfg = Debug|Any CPU
		{4FDB6698-4EB0-4340-9567-7578054B912B}.Debug|Any CPU.Build.0 = Debug|Any CPU
		{4FDB6698-4EB0-4340-9567-7578054B912B}.Release|Any CPU.ActiveCfg = Release|Any CPU
		{4FDB6698-4EB0-4340-9567-7578054B912B}.Release|Any CPU.Build.0 = Release|Any CPU
	EndGlobalSection
	GlobalSection(SolutionProperties) = preSolution
		HideSolutionNode = FALSE
	EndGlobalSection
	GlobalSection(NestedProjects) = preSolution
		{F91D468F-AD55-4EDD-BA66-594B8767AC71} = {58394CEF-ABE2-44A6-B258-D9211ED4DBA1}
		{DC8E04E1-4457-493A-9148-4573FD4F268F} = {58394CEF-ABE2-44A6-B258-D9211ED4DBA1}
		{9EBCDC5D-B7FE-4A86-9DC7-9960708C2A72} = {EDF6161E-575C-43D0-8C94-C656455550FE}
		{3D738951-A441-43CB-ADC9-6B3BACA1E763} = {EDF6161E-575C-43D0-8C94-C656455550FE}
		{5E7D356F-8970-4CCA-98B7-DDAFB21F1DEA} = {EDF6161E-575C-43D0-8C94-C656455550FE}
	EndGlobalSection
	GlobalSection(ExtensibilityGlobals) = postSolution
		SolutionGuid = {34743786-FAA9-44BB-8B10-964C6DB60BE8}
	EndGlobalSection
EndGlobal
